// !$*UTF8*$!
{
	archiveVersion = 1;
	classes = {
	};
	objectVersion = 55;
	objects = {

/* Begin PBXBuildFile section */
		B571072127C4865F00561456 /* AppDelegate.swift in Sources */ = {isa = PBXBuildFile; fileRef = B571072027C4865F00561456 /* AppDelegate.swift */; };
		B571072327C4865F00561456 /* SceneDelegate.swift in Sources */ = {isa = PBXBuildFile; fileRef = B571072227C4865F00561456 /* SceneDelegate.swift */; };
		B571072527C4865F00561456 /* ViewController.swift in Sources */ = {isa = PBXBuildFile; fileRef = B571072427C4865F00561456 /* ViewController.swift */; };
		B571072827C4865F00561456 /* Main.storyboard in Resources */ = {isa = PBXBuildFile; fileRef = B571072627C4865F00561456 /* Main.storyboard */; };
		B571072A27C4865F00561456 /* Assets.xcassets in Resources */ = {isa = PBXBuildFile; fileRef = B571072927C4865F00561456 /* Assets.xcassets */; };
		B571072D27C4865F00561456 /* LaunchScreen.storyboard in Resources */ = {isa = PBXBuildFile; fileRef = B571072B27C4865F00561456 /* LaunchScreen.storyboard */; };
		B571073827C4865F00561456 /* TestCombineTests.swift in Sources */ = {isa = PBXBuildFile; fileRef = B571073727C4865F00561456 /* TestCombineTests.swift */; };
		B571074227C4865F00561456 /* TestCombineUITests.swift in Sources */ = {isa = PBXBuildFile; fileRef = B571074127C4865F00561456 /* TestCombineUITests.swift */; };
		B571074427C4865F00561456 /* TestCombineUITestsLaunchTests.swift in Sources */ = {isa = PBXBuildFile; fileRef = B571074327C4865F00561456 /* TestCombineUITestsLaunchTests.swift */; };
		B571075127C4897700561456 /* ViewModel.swift in Sources */ = {isa = PBXBuildFile; fileRef = B571075027C4897700561456 /* ViewModel.swift */; };
		B571075327C48B9D00561456 /* NetworkHelper.swift in Sources */ = {isa = PBXBuildFile; fileRef = B571075227C48B9D00561456 /* NetworkHelper.swift */; };
		B571075627C4C03700561456 /* SnapKit in Frameworks */ = {isa = PBXBuildFile; productRef = B571075527C4C03700561456 /* SnapKit */; };
/* End PBXBuildFile section */

/* Begin PBXContainerItemProxy section */
		B571073427C4865F00561456 /* PBXContainerItemProxy */ = {
			isa = PBXContainerItemProxy;
			containerPortal = B571071527C4865F00561456 /* Project object */;
			proxyType = 1;
			remoteGlobalIDString = B571071C27C4865F00561456;
			remoteInfo = TestCombine;
		};
		B571073E27C4865F00561456 /* PBXContainerItemProxy */ = {
			isa = PBXContainerItemProxy;
			containerPortal = B571071527C4865F00561456 /* Project object */;
			proxyType = 1;
			remoteGlobalIDString = B571071C27C4865F00561456;
			remoteInfo = TestCombine;
		};
/* End PBXContainerItemProxy section */

/* Begin PBXFileReference section */
		B571071D27C4865F00561456 /* TestCombine.app */ = {isa = PBXFileReference; explicitFileType = wrapper.application; includeInIndex = 0; path = TestCombine.app; sourceTree = BUILT_PRODUCTS_DIR; };
		B571072027C4865F00561456 /* AppDelegate.swift */ = {isa = PBXFileReference; lastKnownFileType = sourcecode.swift; path = AppDelegate.swift; sourceTree = "<group>"; };
		B571072227C4865F00561456 /* SceneDelegate.swift */ = {isa = PBXFileReference; lastKnownFileType = sourcecode.swift; path = SceneDelegate.swift; sourceTree = "<group>"; };
		B571072427C4865F00561456 /* ViewController.swift */ = {isa = PBXFileReference; lastKnownFileType = sourcecode.swift; path = ViewController.swift; sourceTree = "<group>"; };
		B571072727C4865F00561456 /* Base */ = {isa = PBXFileReference; lastKnownFileType = file.storyboard; name = Base; path = Base.lproj/Main.storyboard; sourceTree = "<group>"; };
		B571072927C4865F00561456 /* Assets.xcassets */ = {isa = PBXFileReference; lastKnownFileType = folder.assetcatalog; path = Assets.xcassets; sourceTree = "<group>"; };
		B571072C27C4865F00561456 /* Base */ = {isa = PBXFileReference; lastKnownFileType = file.storyboard; name = Base; path = Base.lproj/LaunchScreen.storyboard; sourceTree = "<group>"; };
		B571072E27C4865F00561456 /* Info.plist */ = {isa = PBXFileReference; lastKnownFileType = text.plist.xml; path = Info.plist; sourceTree = "<group>"; };
		B571073327C4865F00561456 /* TestCombineTests.xctest */ = {isa = PBXFileReference; explicitFileType = wrapper.cfbundle; includeInIndex = 0; path = TestCombineTests.xctest; sourceTree = BUILT_PRODUCTS_DIR; };
		B571073727C4865F00561456 /* TestCombineTests.swift */ = {isa = PBXFileReference; lastKnownFileType = sourcecode.swift; path = TestCombineTests.swift; sourceTree = "<group>"; };
		B571073D27C4865F00561456 /* TestCombineUITests.xctest */ = {isa = PBXFileReference; explicitFileType = wrapper.cfbundle; includeInIndex = 0; path = TestCombineUITests.xctest; sourceTree = BUILT_PRODUCTS_DIR; };
		B571074127C4865F00561456 /* TestCombineUITests.swift */ = {isa = PBXFileReference; lastKnownFileType = sourcecode.swift; path = TestCombineUITests.swift; sourceTree = "<group>"; };
		B571074327C4865F00561456 /* TestCombineUITestsLaunchTests.swift */ = {isa = PBXFileReference; lastKnownFileType = sourcecode.swift; path = TestCombineUITestsLaunchTests.swift; sourceTree = "<group>"; };
		B571075027C4897700561456 /* ViewModel.swift */ = {isa = PBXFileReference; lastKnownFileType = sourcecode.swift; path = ViewModel.swift; sourceTree = "<group>"; };
		B571075227C48B9D00561456 /* NetworkHelper.swift */ = {isa = PBXFileReference; lastKnownFileType = sourcecode.swift; path = NetworkHelper.swift; sourceTree = "<group>"; };
/* End PBXFileReference section */

/* Begin PBXFrameworksBuildPhase section */
		B571071A27C4865F00561456 /* Frameworks */ = {
			isa = PBXFrameworksBuildPhase;
			buildActionMask = 2147483647;
			files = (
				B571075627C4C03700561456 /* SnapKit in Frameworks */,
			);
			runOnlyForDeploymentPostprocessing = 0;
		};
		B571073027C4865F00561456 /* Frameworks */ = {
			isa = PBXFrameworksBuildPhase;
			buildActionMask = 2147483647;
			files = (
			);
			runOnlyForDeploymentPostprocessing = 0;
		};
		B571073A27C4865F00561456 /* Frameworks */ = {
			isa = PBXFrameworksBuildPhase;
			buildActionMask = 2147483647;
			files = (
			);
			runOnlyForDeploymentPostprocessing = 0;
		};
/* End PBXFrameworksBuildPhase section */

/* Begin PBXGroup section */
		B571071427C4865F00561456 = {
			isa = PBXGroup;
			children = (
				B571071F27C4865F00561456 /* TestCombine */,
				B571073627C4865F00561456 /* TestCombineTests */,
				B571074027C4865F00561456 /* TestCombineUITests */,
				B571071E27C4865F00561456 /* Products */,
			);
			sourceTree = "<group>";
		};
		B571071E27C4865F00561456 /* Products */ = {
			isa = PBXGroup;
			children = (
				B571071D27C4865F00561456 /* TestCombine.app */,
				B571073327C4865F00561456 /* TestCombineTests.xctest */,
				B571073D27C4865F00561456 /* TestCombineUITests.xctest */,
			);
			name = Products;
			sourceTree = "<group>";
		};
		B571071F27C4865F00561456 /* TestCombine */ = {
			isa = PBXGroup;
			children = (
				B571072027C4865F00561456 /* AppDelegate.swift */,
				B571072227C4865F00561456 /* SceneDelegate.swift */,
				B571072427C4865F00561456 /* ViewController.swift */,
				B571075027C4897700561456 /* ViewModel.swift */,
				B571075227C48B9D00561456 /* NetworkHelper.swift */,
				B571072627C4865F00561456 /* Main.storyboard */,
				B571072927C4865F00561456 /* Assets.xcassets */,
				B571072B27C4865F00561456 /* LaunchScreen.storyboard */,
				B571072E27C4865F00561456 /* Info.plist */,
			);
			path = TestCombine;
			sourceTree = "<group>";
		};
		B571073627C4865F00561456 /* TestCombineTests */ = {
			isa = PBXGroup;
			children = (
				B571073727C4865F00561456 /* TestCombineTests.swift */,
			);
			path = TestCombineTests;
			sourceTree = "<group>";
		};
		B571074027C4865F00561456 /* TestCombineUITests */ = {
			isa = PBXGroup;
			children = (
				B571074127C4865F00561456 /* TestCombineUITests.swift */,
				B571074327C4865F00561456 /* TestCombineUITestsLaunchTests.swift */,
			);
			path = TestCombineUITests;
			sourceTree = "<group>";
		};
/* End PBXGroup section */

/* Begin PBXNativeTarget section */
		B571071C27C4865F00561456 /* TestCombine */ = {
			isa = PBXNativeTarget;
			buildConfigurationList = B571074727C4865F00561456 /* Build configuration list for PBXNativeTarget "TestCombine" */;
			buildPhases = (
				B571071927C4865F00561456 /* Sources */,
				B571071A27C4865F00561456 /* Frameworks */,
				B571071B27C4865F00561456 /* Resources */,
			);
			buildRules = (
			);
			dependencies = (
			);
			name = TestCombine;
			packageProductDependencies = (
				B571075527C4C03700561456 /* SnapKit */,
			);
			productName = TestCombine;
			productReference = B571071D27C4865F00561456 /* TestCombine.app */;
			productType = "com.apple.product-type.application";
		};
		B571073227C4865F00561456 /* TestCombineTests */ = {
			isa = PBXNativeTarget;
			buildConfigurationList = B571074A27C4865F00561456 /* Build configuration list for PBXNativeTarget "TestCombineTests" */;
			buildPhases = (
				B571072F27C4865F00561456 /* Sources */,
				B571073027C4865F00561456 /* Frameworks */,
				B571073127C4865F00561456 /* Resources */,
			);
			buildRules = (
			);
			dependencies = (
				B571073527C4865F00561456 /* PBXTargetDependency */,
			);
			name = TestCombineTests;
			productName = TestCombineTests;
			productReference = B571073327C4865F00561456 /* TestCombineTests.xctest */;
			productType = "com.apple.product-type.bundle.unit-test";
		};
		B571073C27C4865F00561456 /* TestCombineUITests */ = {
			isa = PBXNativeTarget;
			buildConfigurationList = B571074D27C4865F00561456 /* Build configuration list for PBXNativeTarget "TestCombineUITests" */;
			buildPhases = (
				B571073927C4865F00561456 /* Sources */,
				B571073A27C4865F00561456 /* Frameworks */,
				B571073B27C4865F00561456 /* Resources */,
			);
			buildRules = (
			);
			dependencies = (
				B571073F27C4865F00561456 /* PBXTargetDependency */,
			);
			name = TestCombineUITests;
			productName = TestCombineUITests;
			productReference = B571073D27C4865F00561456 /* TestCombineUITests.xctest */;
			productType = "com.apple.product-type.bundle.ui-testing";
		};
/* End PBXNativeTarget section */

/* Begin PBXProject section */
		B571071527C4865F00561456 /* Project object */ = {
			isa = PBXProject;
			attributes = {
				BuildIndependentTargetsInParallel = 1;
				LastSwiftUpdateCheck = 1320;
				LastUpgradeCheck = 1320;
				TargetAttributes = {
					B571071C27C4865F00561456 = {
						CreatedOnToolsVersion = 13.2.1;
					};
					B571073227C4865F00561456 = {
						CreatedOnToolsVersion = 13.2.1;
						TestTargetID = B571071C27C4865F00561456;
					};
					B571073C27C4865F00561456 = {
						CreatedOnToolsVersion = 13.2.1;
						TestTargetID = B571071C27C4865F00561456;
					};
				};
			};
			buildConfigurationList = B571071827C4865F00561456 /* Build configuration list for PBXProject "TestCombine" */;
			compatibilityVersion = "Xcode 13.0";
			developmentRegion = en;
			hasScannedForEncodings = 0;
			knownRegions = (
				en,
				Base,
			);
			mainGroup = B571071427C4865F00561456;
			packageReferences = (
				B571075427C4C03700561456 /* XCRemoteSwiftPackageReference "SnapKit" */,
			);
			productRefGroup = B571071E27C4865F00561456 /* Products */;
			projectDirPath = "";
			projectRoot = "";
			targets = (
				B571071C27C4865F00561456 /* TestCombine */,
				B571073227C4865F00561456 /* TestCombineTests */,
				B571073C27C4865F00561456 /* TestCombineUITests */,
			);
		};
/* End PBXProject section */

/* Begin PBXResourcesBuildPhase section */
		B571071B27C4865F00561456 /* Resources */ = {
			isa = PBXResourcesBuildPhase;
			buildActionMask = 2147483647;
			files = (
				B571072D27C4865F00561456 /* LaunchScreen.storyboard in Resources */,
				B571072A27C4865F00561456 /* Assets.xcassets in Resources */,
				B571072827C4865F00561456 /* Main.storyboard in Resources */,
			);
			runOnlyForDeploymentPostprocessing = 0;
		};
		B571073127C4865F00561456 /* Resources */ = {
			isa = PBXResourcesBuildPhase;
			buildActionMask = 2147483647;
			files = (
			);
			runOnlyForDeploymentPostprocessing = 0;
		};
		B571073B27C4865F00561456 /* Resources */ = {
			isa = PBXResourcesBuildPhase;
			buildActionMask = 2147483647;
			files = (
			);
			runOnlyForDeploymentPostprocessing = 0;
		};
/* End PBXResourcesBuildPhase section */

/* Begin PBXSourcesBuildPhase section */
		B571071927C4865F00561456 /* Sources */ = {
			isa = PBXSourcesBuildPhase;
			buildActionMask = 2147483647;
			files = (
				B571072527C4865F00561456 /* ViewController.swift in Sources */,
				B571072127C4865F00561456 /* AppDelegate.swift in Sources */,
				B571075327C48B9D00561456 /* NetworkHelper.swift in Sources */,
				B571075127C4897700561456 /* ViewModel.swift in Sources */,
				B571072327C4865F00561456 /* SceneDelegate.swift in Sources */,
			);
			runOnlyForDeploymentPostprocessing = 0;
		};
		B571072F27C4865F00561456 /* Sources */ = {
			isa = PBXSourcesBuildPhase;
			buildActionMask = 2147483647;
			files = (
				B571073827C4865F00561456 /* TestCombineTests.swift in Sources */,
			);
			runOnlyForDeploymentPostprocessing = 0;
		};
		B571073927C4865F00561456 /* Sources */ = {
			isa = PBXSourcesBuildPhase;
			buildActionMask = 2147483647;
			files = (
				B571074427C4865F00561456 /* TestCombineUITestsLaunchTests.swift in Sources */,
				B571074227C4865F00561456 /* TestCombineUITests.swift in Sources */,
			);
			runOnlyForDeploymentPostprocessing = 0;
		};
/* End PBXSourcesBuildPhase section */

/* Begin PBXTargetDependency section */
		B571073527C4865F00561456 /* PBXTargetDependency */ = {
			isa = PBXTargetDependency;
			target = B571071C27C4865F00561456 /* TestCombine */;
			targetProxy = B571073427C4865F00561456 /* PBXContainerItemProxy */;
		};
		B571073F27C4865F00561456 /* PBXTargetDependency */ = {
			isa = PBXTargetDependency;
			target = B571071C27C4865F00561456 /* TestCombine */;
			targetProxy = B571073E27C4865F00561456 /* PBXContainerItemProxy */;
		};
/* End PBXTargetDependency section */

/* Begin PBXVariantGroup section */
		B571072627C4865F00561456 /* Main.storyboard */ = {
			isa = PBXVariantGroup;
			children = (
				B571072727C4865F00561456 /* Base */,
			);
			name = Main.storyboard;
			sourceTree = "<group>";
		};
		B571072B27C4865F00561456 /* LaunchScreen.storyboard */ = {
			isa = PBXVariantGroup;
			children = (
				B571072C27C4865F00561456 /* Base */,
			);
			name = LaunchScreen.storyboard;
			sourceTree = "<group>";
		};
/* End PBXVariantGroup section */

/* Begin XCBuildConfiguration section */
		B571074527C4865F00561456 /* Debug */ = {
			isa = XCBuildConfiguration;
			buildSettings = {
				ALWAYS_SEARCH_USER_PATHS = NO;
				CLANG_ANALYZER_NONNULL = YES;
				CLANG_ANALYZER_NUMBER_OBJECT_CONVERSION = YES_AGGRESSIVE;
				CLANG_CXX_LANGUAGE_STANDARD = "gnu++17";
				CLANG_CXX_LIBRARY = "libc++";
				CLANG_ENABLE_MODULES = YES;
				CLANG_ENABLE_OBJC_ARC = YES;
				CLANG_ENABLE_OBJC_WEAK = YES;
				CLANG_WARN_BLOCK_CAPTURE_AUTORELEASING = YES;
				CLANG_WARN_BOOL_CONVERSION = YES;
				CLANG_WARN_COMMA = YES;
				CLANG_WARN_CONSTANT_CONVERSION = YES;
				CLANG_WARN_DEPRECATED_OBJC_IMPLEMENTATIONS = YES;
				CLANG_WARN_DIRECT_OBJC_ISA_USAGE = YES_ERROR;
				CLANG_WARN_DOCUMENTATION_COMMENTS = YES;
				CLANG_WARN_EMPTY_BODY = YES;
				CLANG_WARN_ENUM_CONVERSION = YES;
				CLANG_WARN_INFINITE_RECURSION = YES;
				CLANG_WARN_INT_CONVERSION = YES;
				CLANG_WARN_NON_LITERAL_NULL_CONVERSION = YES;
				CLANG_WARN_OBJC_IMPLICIT_RETAIN_SELF = YES;
				CLANG_WARN_OBJC_LITERAL_CONVERSION = YES;
				CLANG_WARN_OBJC_ROOT_CLASS = YES_ERROR;
				CLANG_WARN_QUOTED_INCLUDE_IN_FRAMEWORK_HEADER = YES;
				CLANG_WARN_RANGE_LOOP_ANALYSIS = YES;
				CLANG_WARN_STRICT_PROTOTYPES = YES;
				CLANG_WARN_SUSPICIOUS_MOVE = YES;
				CLANG_WARN_UNGUARDED_AVAILABILITY = YES_AGGRESSIVE;
				CLANG_WARN_UNREACHABLE_CODE = YES;
				CLANG_WARN__DUPLICATE_METHOD_MATCH = YES;
				COPY_PHASE_STRIP = NO;
				DEBUG_INFORMATION_FORMAT = dwarf;
				ENABLE_STRICT_OBJC_MSGSEND = YES;
				ENABLE_TESTABILITY = YES;
				GCC_C_LANGUAGE_STANDARD = gnu11;
				GCC_DYNAMIC_NO_PIC = NO;
				GCC_NO_COMMON_BLOCKS = YES;
				GCC_OPTIMIZATION_LEVEL = 0;
				GCC_PREPROCESSOR_DEFINITIONS = (
					"DEBUG=1",
					"$(inherited)",
				);
				GCC_WARN_64_TO_32_BIT_CONVERSION = YES;
				GCC_WARN_ABOUT_RETURN_TYPE = YES_ERROR;
				GCC_WARN_UNDECLARED_SELECTOR = YES;
				GCC_WARN_UNINITIALIZED_AUTOS = YES_AGGRESSIVE;
				GCC_WARN_UNUSED_FUNCTION = YES;
				GCC_WARN_UNUSED_VARIABLE = YES;
				IPHONEOS_DEPLOYMENT_TARGET = 15.2;
				MTL_ENABLE_DEBUG_INFO = INCLUDE_SOURCE;
				MTL_FAST_MATH = YES;
				ONLY_ACTIVE_ARCH = YES;
				SDKROOT = iphoneos;
				SWIFT_ACTIVE_COMPILATION_CONDITIONS = DEBUG;
				SWIFT_OPTIMIZATION_LEVEL = "-Onone";
			};
			name = Debug;
		};
		B571074627C4865F00561456 /* Release */ = {
			isa = XCBuildConfiguration;
			buildSettings = {
				ALWAYS_SEARCH_USER_PATHS = NO;
				CLANG_ANALYZER_NONNULL = YES;
				CLANG_ANALYZER_NUMBER_OBJECT_CONVERSION = YES_AGGRESSIVE;
				CLANG_CXX_LANGUAGE_STANDARD = "gnu++17";
				CLANG_CXX_LIBRARY = "libc++";
				CLANG_ENABLE_MODULES = YES;
				CLANG_ENABLE_OBJC_ARC = YES;
				CLANG_ENABLE_OBJC_WEAK = YES;
				CLANG_WARN_BLOCK_CAPTURE_AUTORELEASING = YES;
				CLANG_WARN_BOOL_CONVERSION = YES;
				CLANG_WARN_COMMA = YES;
				CLANG_WARN_CONSTANT_CONVERSION = YES;
				CLANG_WARN_DEPRECATED_OBJC_IMPLEMENTATIONS = YES;
				CLANG_WARN_DIRECT_OBJC_ISA_USAGE = YES_ERROR;
				CLANG_WARN_DOCUMENTATION_COMMENTS = YES;
				CLANG_WARN_EMPTY_BODY = YES;
				CLANG_WARN_ENUM_CONVERSION = YES;
				CLANG_WARN_INFINITE_RECURSION = YES;
				CLANG_WARN_INT_CONVERSION = YES;
				CLANG_WARN_NON_LITERAL_NULL_CONVERSION = YES;
				CLANG_WARN_OBJC_IMPLICIT_RETAIN_SELF = YES;
				CLANG_WARN_OBJC_LITERAL_CONVERSION = YES;
				CLANG_WARN_OBJC_ROOT_CLASS = YES_ERROR;
				CLANG_WARN_QUOTED_INCLUDE_IN_FRAMEWORK_HEADER = YES;
				CLANG_WARN_RANGE_LOOP_ANALYSIS = YES;
				CLANG_WARN_STRICT_PROTOTYPES = YES;
				CLANG_WARN_SUSPICIOUS_MOVE = YES;
				CLANG_WARN_UNGUARDED_AVAILABILITY = YES_AGGRESSIVE;
				CLANG_WARN_UNREACHABLE_CODE = YES;
				CLANG_WARN__DUPLICATE_METHOD_MATCH = YES;
				COPY_PHASE_STRIP = NO;
				DEBUG_INFORMATION_FORMAT = "dwarf-with-dsym";
				ENABLE_NS_ASSERTIONS = NO;
				ENABLE_STRICT_OBJC_MSGSEND = YES;
				GCC_C_LANGUAGE_STANDARD = gnu11;
				GCC_NO_COMMON_BLOCKS = YES;
				GCC_WARN_64_TO_32_BIT_CONVERSION = YES;
				GCC_WARN_ABOUT_RETURN_TYPE = YES_ERROR;
				GCC_WARN_UNDECLARED_SELECTOR = YES;
				GCC_WARN_UNINITIALIZED_AUTOS = YES_AGGRESSIVE;
				GCC_WARN_UNUSED_FUNCTION = YES;
				GCC_WARN_UNUSED_VARIABLE = YES;
				IPHONEOS_DEPLOYMENT_TARGET = 15.2;
				MTL_ENABLE_DEBUG_INFO = NO;
				MTL_FAST_MATH = YES;
				SDKROOT = iphoneos;
				SWIFT_COMPILATION_MODE = wholemodule;
				SWIFT_OPTIMIZATION_LEVEL = "-O";
				VALIDATE_PRODUCT = YES;
			};
			name = Release;
		};
		B571074827C4865F00561456 /* Debug */ = {
			isa = XCBuildConfiguration;
			buildSettings = {
				ASSETCATALOG_COMPILER_APPICON_NAME = AppIcon;
				ASSETCATALOG_COMPILER_GLOBAL_ACCENT_COLOR_NAME = AccentColor;
				CODE_SIGN_STYLE = Automatic;
				CURRENT_PROJECT_VERSION = 1;
				DEVELOPMENT_TEAM = 6556MVJ87G;
				GENERATE_INFOPLIST_FILE = YES;
				INFOPLIST_FILE = TestCombine/Info.plist;
				INFOPLIST_KEY_UIApplicationSupportsIndirectInputEvents = YES;
				INFOPLIST_KEY_UILaunchStoryboardName = LaunchScreen;
				INFOPLIST_KEY_UIMainStoryboardFile = Main;
				INFOPLIST_KEY_UISupportedInterfaceOrientations = UIInterfaceOrientationPortrait;
				INFOPLIST_KEY_UISupportedInterfaceOrientations_iPad = "UIInterfaceOrientationPortrait UIInterfaceOrientationPortraitUpsideDown UIInterfaceOrientationLandscapeLeft UIInterfaceOrientationLandscapeRight";
				INFOPLIST_KEY_UISupportedInterfaceOrientations_iPhone = "UIInterfaceOrientationPortrait UIInterfaceOrientationLandscapeLeft UIInterfaceOrientationLandscapeRight";
				IPHONEOS_DEPLOYMENT_TARGET = 13.0;
				LD_RUNPATH_SEARCH_PATHS = (
					"$(inherited)",
					"@executable_path/Frameworks",
				);
				MARKETING_VERSION = 1.0;
				PRODUCT_BUNDLE_IDENTIFIER = SparrowStudio.TestCombine;
				PRODUCT_NAME = "$(TARGET_NAME)";
				SWIFT_EMIT_LOC_STRINGS = YES;
				SWIFT_VERSION = 5.0;
				TARGETED_DEVICE_FAMILY = 1;
			};
			name = Debug;
		};
		B571074927C4865F00561456 /* Release */ = {
			isa = XCBuildConfiguration;
			buildSettings = {
				ASSETCATALOG_COMPILER_APPICON_NAME = AppIcon;
				ASSETCATALOG_COMPILER_GLOBAL_ACCENT_COLOR_NAME = AccentColor;
				CODE_SIGN_STYLE = Automatic;
				CURRENT_PROJECT_VERSION = 1;
				DEVELOPMENT_TEAM = 6556MVJ87G;
				GENERATE_INFOPLIST_FILE = YES;
				INFOPLIST_FILE = TestCombine/Info.plist;
				INFOPLIST_KEY_UIApplicationSupportsIndirectInputEvents = YES;
				INFOPLIST_KEY_UILaunchStoryboardName = LaunchScreen;
				INFOPLIST_KEY_UIMainStoryboardFile = Main;
				INFOPLIST_KEY_UISupportedInterfaceOrientations = UIInterfaceOrientationPortrait;
				INFOPLIST_KEY_UISupportedInterfaceOrientations_iPad = "UIInterfaceOrientationPortrait UIInterfaceOrientationPortraitUpsideDown UIInterfaceOrientationLandscapeLeft UIInterfaceOrientationLandscapeRight";
				INFOPLIST_KEY_UISupportedInterfaceOrientations_iPhone = "UIInterfaceOrientationPortrait UIInterfaceOrientationLandscapeLeft UIInterfaceOrientationLandscapeRight";
				IPHONEOS_DEPLOYMENT_TARGET = 13.0;
				LD_RUNPATH_SEARCH_PATHS = (
					"$(inherited)",
					"@executable_path/Frameworks",
				);
				MARKETING_VERSION = 1.0;
				PRODUCT_BUNDLE_IDENTIFIER = SparrowStudio.TestCombine;
				PRODUCT_NAME = "$(TARGET_NAME)";
				SWIFT_EMIT_LOC_STRINGS = YES;
				SWIFT_VERSION = 5.0;
				TARGETED_DEVICE_FAMILY = 1;
			};
			name = Release;
		};
		B571074B27C4865F00561456 /* Debug */ = {
			isa = XCBuildConfiguration;
			buildSettings = {
				ALWAYS_EMBED_SWIFT_STANDARD_LIBRARIES = YES;
				BUNDLE_LOADER = "$(TEST_HOST)";
				CODE_SIGN_STYLE = Automatic;
				CURRENT_PROJECT_VERSION = 1;
				DEVELOPMENT_TEAM = 6556MVJ87G;
				GENERATE_INFOPLIST_FILE = YES;
				IPHONEOS_DEPLOYMENT_TARGET = 15.2;
				MARKETING_VERSION = 1.0;
				PRODUCT_BUNDLE_IDENTIFIER = SparrowStudio.TestCombineTests;
				PRODUCT_NAME = "$(TARGET_NAME)";
				SWIFT_EMIT_LOC_STRINGS = NO;
				SWIFT_VERSION = 5.0;
				TARGETED_DEVICE_FAMILY = "1,2";
				TEST_HOST = "$(BUILT_PRODUCTS_DIR)/TestCombine.app/TestCombine";
			};
			name = Debug;
		};
		B571074C27C4865F00561456 /* Release */ = {
			isa = XCBuildConfiguration;
			buildSettings = {
				ALWAYS_EMBED_SWIFT_STANDARD_LIBRARIES = YES;
				BUNDLE_LOADER = "$(TEST_HOST)";
				CODE_SIGN_STYLE = Automatic;
				CURRENT_PROJECT_VERSION = 1;
				DEVELOPMENT_TEAM = 6556MVJ87G;
				GENERATE_INFOPLIST_FILE = YES;
				IPHONEOS_DEPLOYMENT_TARGET = 15.2;
				MARKETING_VERSION = 1.0;
				PRODUCT_BUNDLE_IDENTIFIER = SparrowStudio.TestCombineTests;
				PRODUCT_NAME = "$(TARGET_NAME)";
				SWIFT_EMIT_LOC_STRINGS = NO;
				SWIFT_VERSION = 5.0;
				TARGETED_DEVICE_FAMILY = "1,2";
				TEST_HOST = "$(BUILT_PRODUCTS_DIR)/TestCombine.app/TestCombine";
			};
			name = Release;
		};
		B571074E27C4865F00561456 /* Debug */ = {
			isa = XCBuildConfiguration;
			buildSettings = {
				ALWAYS_EMBED_SWIFT_STANDARD_LIBRARIES = YES;
				CODE_SIGN_STYLE = Automatic;
				CURRENT_PROJECT_VERSION = 1;
				DEVELOPMENT_TEAM = 6556MVJ87G;
				GENERATE_INFOPLIST_FILE = YES;
				MARKETING_VERSION = 1.0;
				PRODUCT_BUNDLE_IDENTIFIER = SparrowStudio.TestCombineUITests;
				PRODUCT_NAME = "$(TARGET_NAME)";
				SWIFT_EMIT_LOC_STRINGS = NO;
				SWIFT_VERSION = 5.0;
				TARGETED_DEVICE_FAMILY = "1,2";
				TEST_TARGET_NAME = TestCombine;
			};
			name = Debug;
		};
		B571074F27C4865F00561456 /* Release */ = {
			isa = XCBuildConfiguration;
			buildSettings = {
				ALWAYS_EMBED_SWIFT_STANDARD_LIBRARIES = YES;
				CODE_SIGN_STYLE = Automatic;
				CURRENT_PROJECT_VERSION = 1;
				DEVELOPMENT_TEAM = 6556MVJ87G;
				GENERATE_INFOPLIST_FILE = YES;
				MARKETING_VERSION = 1.0;
				PRODUCT_BUNDLE_IDENTIFIER = SparrowStudio.TestCombineUITests;
				PRODUCT_NAME = "$(TARGET_NAME)";
				SWIFT_EMIT_LOC_STRINGS = NO;
				SWIFT_VERSION = 5.0;
				TARGETED_DEVICE_FAMILY = "1,2";
				TEST_TARGET_NAME = TestCombine;
			};
			name = Release;
		};
/* End XCBuildConfiguration section */

/* Begin XCConfigurationList section */
		B571071827C4865F00561456 /* Build configuration list for PBXProject "TestCombine" */ = {
			isa = XCConfigurationList;
			buildConfigurations = (
				B571074527C4865F00561456 /* Debug */,
				B571074627C4865F00561456 /* Release */,
			);
			defaultConfigurationIsVisible = 0;
			defaultConfigurationName = Release;
		};
		B571074727C4865F00561456 /* Build configuration list for PBXNativeTarget "TestCombine" */ = {
			isa = XCConfigurationList;
			buildConfigurations = (
				B571074827C4865F00561456 /* Debug */,
				B571074927C4865F00561456 /* Release */,
			);
			defaultConfigurationIsVisible = 0;
			defaultConfigurationName = Release;
		};
		B571074A27C4865F00561456 /* Build configuration list for PBXNativeTarget "TestCombineTests" */ = {
			isa = XCConfigurationList;
			buildConfigurations = (
				B571074B27C4865F00561456 /* Debug */,
				B571074C27C4865F00561456 /* Release */,
			);
			defaultConfigurationIsVisible = 0;
			defaultConfigurationName = Release;
		};
		B571074D27C4865F00561456 /* Build configuration list for PBXNativeTarget "TestCombineUITests" */ = {
			isa = XCConfigurationList;
			buildConfigurations = (
				B571074E27C4865F00561456 /* Debug */,
				B571074F27C4865F00561456 /* Release */,
			);
			defaultConfigurationIsVisible = 0;
			defaultConfigurationName = Release;
		};
/* End XCConfigurationList section */

/* Begin XCRemoteSwiftPackageReference section */
		B571075427C4C03700561456 /* XCRemoteSwiftPackageReference "SnapKit" */ = {
			isa = XCRemoteSwiftPackageReference;
			repositoryURL = "https://github.com/SnapKit/SnapKit";
			requirement = {
				kind = upToNextMajorVersion;
				minimumVersion = 5.0.0;
			};
		};
/* End XCRemoteSwiftPackageReference section */

/* Begin XCSwiftPackageProductDependency section */
		B571075527C4C03700561456 /* SnapKit */ = {
			isa = XCSwiftPackageProductDependency;
			package = B571075427C4C03700561456 /* XCRemoteSwiftPackageReference "SnapKit" */;
			productName = SnapKit;
		};
/* End XCSwiftPackageProductDependency section */
	};
	rootObject = B571071527C4865F00561456 /* Project object */;
}
