// !$*UTF8*$!
{
	archiveVersion = 1;
	classes = {
	};
	objectVersion = 51;
	objects = {

/* Begin PBXBuildFile section */
		3321A38ED6ECAB20D50A57FC /* Pods_TestAudioKit.framework in Frameworks */ = {isa = PBXBuildFile; fileRef = 5B3FE4F7F0611E089146CCEB /* Pods_TestAudioKit.framework */; };
		4986EAD925AEF3E800DE4B29 /* AppDelegate.swift in Sources */ = {isa = PBXBuildFile; fileRef = 4986EAD825AEF3E800DE4B29 /* AppDelegate.swift */; };
		4986EADB25AEF3E800DE4B29 /* SceneDelegate.swift in Sources */ = {isa = PBXBuildFile; fileRef = 4986EADA25AEF3E800DE4B29 /* SceneDelegate.swift */; };
		4986EADD25AEF3E800DE4B29 /* ViewController.swift in Sources */ = {isa = PBXBuildFile; fileRef = 4986EADC25AEF3E800DE4B29 /* ViewController.swift */; };
		4986EAE025AEF3E800DE4B29 /* Main.storyboard in Resources */ = {isa = PBXBuildFile; fileRef = 4986EADE25AEF3E800DE4B29 /* Main.storyboard */; };
		4986EAE225AEF3EC00DE4B29 /* Assets.xcassets in Resources */ = {isa = PBXBuildFile; fileRef = 4986EAE125AEF3EC00DE4B29 /* Assets.xcassets */; };
		4986EAE525AEF3EC00DE4B29 /* LaunchScreen.storyboard in Resources */ = {isa = PBXBuildFile; fileRef = 4986EAE325AEF3EC00DE4B29 /* LaunchScreen.storyboard */; };
/* End PBXBuildFile section */

/* Begin PBXFileReference section */
		371DAA5FF77092766E75AD34 /* Pods-TestAudioKit.release.xcconfig */ = {isa = PBXFileReference; includeInIndex = 1; lastKnownFileType = text.xcconfig; name = "Pods-TestAudioKit.release.xcconfig"; path = "Target Support Files/Pods-TestAudioKit/Pods-TestAudioKit.release.xcconfig"; sourceTree = "<group>"; };
		4986EAD525AEF3E800DE4B29 /* TestAudioKit.app */ = {isa = PBXFileReference; explicitFileType = wrapper.application; includeInIndex = 0; path = TestAudioKit.app; sourceTree = BUILT_PRODUCTS_DIR; };
		4986EAD825AEF3E800DE4B29 /* AppDelegate.swift */ = {isa = PBXFileReference; lastKnownFileType = sourcecode.swift; path = AppDelegate.swift; sourceTree = "<group>"; };
		4986EADA25AEF3E800DE4B29 /* SceneDelegate.swift */ = {isa = PBXFileReference; lastKnownFileType = sourcecode.swift; path = SceneDelegate.swift; sourceTree = "<group>"; };
		4986EADC25AEF3E800DE4B29 /* ViewController.swift */ = {isa = PBXFileReference; lastKnownFileType = sourcecode.swift; path = ViewController.swift; sourceTree = "<group>"; };
		4986EADF25AEF3E800DE4B29 /* Base */ = {isa = PBXFileReference; lastKnownFileType = file.storyboard; name = Base; path = Base.lproj/Main.storyboard; sourceTree = "<group>"; };
		4986EAE125AEF3EC00DE4B29 /* Assets.xcassets */ = {isa = PBXFileReference; lastKnownFileType = folder.assetcatalog; path = Assets.xcassets; sourceTree = "<group>"; };
		4986EAE425AEF3EC00DE4B29 /* Base */ = {isa = PBXFileReference; lastKnownFileType = file.storyboard; name = Base; path = Base.lproj/LaunchScreen.storyboard; sourceTree = "<group>"; };
		4986EAE625AEF3EC00DE4B29 /* Info.plist */ = {isa = PBXFileReference; lastKnownFileType = text.plist.xml; path = Info.plist; sourceTree = "<group>"; };
		5B3FE4F7F0611E089146CCEB /* Pods_TestAudioKit.framework */ = {isa = PBXFileReference; explicitFileType = wrapper.framework; includeInIndex = 0; path = Pods_TestAudioKit.framework; sourceTree = BUILT_PRODUCTS_DIR; };
		A45A8082FC758BB09E37ACF9 /* Pods-TestAudioKit.debug.xcconfig */ = {isa = PBXFileReference; includeInIndex = 1; lastKnownFileType = text.xcconfig; name = "Pods-TestAudioKit.debug.xcconfig"; path = "Target Support Files/Pods-TestAudioKit/Pods-TestAudioKit.debug.xcconfig"; sourceTree = "<group>"; };
/* End PBXFileReference section */

/* Begin PBXFrameworksBuildPhase section */
		4986EAD225AEF3E800DE4B29 /* Frameworks */ = {
			isa = PBXFrameworksBuildPhase;
			buildActionMask = 2147483647;
			files = (
				3321A38ED6ECAB20D50A57FC /* Pods_TestAudioKit.framework in Frameworks */,
			);
			runOnlyForDeploymentPostprocessing = 0;
		};
/* End PBXFrameworksBuildPhase section */

/* Begin PBXGroup section */
		3E6F526FC00534FB1BECC69C /* Frameworks */ = {
			isa = PBXGroup;
			children = (
				5B3FE4F7F0611E089146CCEB /* Pods_TestAudioKit.framework */,
			);
			name = Frameworks;
			sourceTree = "<group>";
		};
		4986EACC25AEF3E800DE4B29 = {
			isa = PBXGroup;
			children = (
				4986EAD725AEF3E800DE4B29 /* TestAudioKit */,
				4986EAD625AEF3E800DE4B29 /* Products */,
				59CCEB3F00019092E72BFDC3 /* Pods */,
				3E6F526FC00534FB1BECC69C /* Frameworks */,
			);
			sourceTree = "<group>";
		};
		4986EAD625AEF3E800DE4B29 /* Products */ = {
			isa = PBXGroup;
			children = (
				4986EAD525AEF3E800DE4B29 /* TestAudioKit.app */,
			);
			name = Products;
			sourceTree = "<group>";
		};
		4986EAD725AEF3E800DE4B29 /* TestAudioKit */ = {
			isa = PBXGroup;
			children = (
				4986EAD825AEF3E800DE4B29 /* AppDelegate.swift */,
				4986EADA25AEF3E800DE4B29 /* SceneDelegate.swift */,
				4986EADC25AEF3E800DE4B29 /* ViewController.swift */,
				4986EADE25AEF3E800DE4B29 /* Main.storyboard */,
				4986EAE125AEF3EC00DE4B29 /* Assets.xcassets */,
				4986EAE325AEF3EC00DE4B29 /* LaunchScreen.storyboard */,
				4986EAE625AEF3EC00DE4B29 /* Info.plist */,
			);
			path = TestAudioKit;
			sourceTree = "<group>";
		};
		59CCEB3F00019092E72BFDC3 /* Pods */ = {
			isa = PBXGroup;
			children = (
				A45A8082FC758BB09E37ACF9 /* Pods-TestAudioKit.debug.xcconfig */,
				371DAA5FF77092766E75AD34 /* Pods-TestAudioKit.release.xcconfig */,
			);
			path = Pods;
			sourceTree = "<group>";
		};
/* End PBXGroup section */

/* Begin PBXNativeTarget section */
		4986EAD425AEF3E800DE4B29 /* TestAudioKit */ = {
			isa = PBXNativeTarget;
			buildConfigurationList = 4986EAE925AEF3EC00DE4B29 /* Build configuration list for PBXNativeTarget "TestAudioKit" */;
			buildPhases = (
				4A91755041904433FACC7F96 /* [CP] Check Pods Manifest.lock */,
				043EE70FB2330A3082F6EA7E /* [CP] Prepare Artifacts */,
				4986EAD125AEF3E800DE4B29 /* Sources */,
				4986EAD225AEF3E800DE4B29 /* Frameworks */,
				4986EAD325AEF3E800DE4B29 /* Resources */,
				DE8884F7BD2AC5265B162DD6 /* [CP] Embed Pods Frameworks */,
			);
			buildRules = (
			);
			dependencies = (
			);
			name = TestAudioKit;
			productName = TestAudioKit;
			productReference = 4986EAD525AEF3E800DE4B29 /* TestAudioKit.app */;
			productType = "com.apple.product-type.application";
		};
/* End PBXNativeTarget section */

/* Begin PBXProject section */
		4986EACD25AEF3E800DE4B29 /* Project object */ = {
			isa = PBXProject;
			attributes = {
				LastSwiftUpdateCheck = 1150;
				LastUpgradeCheck = 1150;
				ORGANIZATIONNAME = SparrowStudio;
				TargetAttributes = {
					4986EAD425AEF3E800DE4B29 = {
						CreatedOnToolsVersion = 11.5;
					};
				};
			};
			buildConfigurationList = 4986EAD025AEF3E800DE4B29 /* Build configuration list for PBXProject "TestAudioKit" */;
			compatibilityVersion = "Xcode 9.3";
			developmentRegion = en;
			hasScannedForEncodings = 0;
			knownRegions = (
				en,
				Base,
			);
			mainGroup = 4986EACC25AEF3E800DE4B29;
			productRefGroup = 4986EAD625AEF3E800DE4B29 /* Products */;
			projectDirPath = "";
			projectRoot = "";
			targets = (
				4986EAD425AEF3E800DE4B29 /* TestAudioKit */,
			);
		};
/* End PBXProject section */

/* Begin PBXResourcesBuildPhase section */
		4986EAD325AEF3E800DE4B29 /* Resources */ = {
			isa = PBXResourcesBuildPhase;
			buildActionMask = 2147483647;
			files = (
				4986EAE525AEF3EC00DE4B29 /* LaunchScreen.storyboard in Resources */,
				4986EAE225AEF3EC00DE4B29 /* Assets.xcassets in Resources */,
				4986EAE025AEF3E800DE4B29 /* Main.storyboard in Resources */,
			);
			runOnlyForDeploymentPostprocessing = 0;
		};
/* End PBXResourcesBuildPhase section */

/* Begin PBXShellScriptBuildPhase section */
		043EE70FB2330A3082F6EA7E /* [CP] Prepare Artifacts */ = {
			isa = PBXShellScriptBuildPhase;
			buildActionMask = 2147483647;
			files = (
			);
			inputFileListPaths = (
				"${PODS_ROOT}/Target Support Files/Pods-TestAudioKit/Pods-TestAudioKit-artifacts-${CONFIGURATION}-input-files.xcfilelist",
			);
			name = "[CP] Prepare Artifacts";
			outputFileListPaths = (
				"${PODS_ROOT}/Target Support Files/Pods-TestAudioKit/Pods-TestAudioKit-artifacts-${CONFIGURATION}-output-files.xcfilelist",
			);
			runOnlyForDeploymentPostprocessing = 0;
			shellPath = /bin/sh;
			shellScript = "\"${PODS_ROOT}/Target Support Files/Pods-TestAudioKit/Pods-TestAudioKit-artifacts.sh\"\n";
			showEnvVarsInLog = 0;
		};
		4A91755041904433FACC7F96 /* [CP] Check Pods Manifest.lock */ = {
			isa = PBXShellScriptBuildPhase;
			buildActionMask = 2147483647;
			files = (
			);
			inputFileListPaths = (
			);
			inputPaths = (
				"${PODS_PODFILE_DIR_PATH}/Podfile.lock",
				"${PODS_ROOT}/Manifest.lock",
			);
			name = "[CP] Check Pods Manifest.lock";
			outputFileListPaths = (
			);
			outputPaths = (
				"$(DERIVED_FILE_DIR)/Pods-TestAudioKit-checkManifestLockResult.txt",
			);
			runOnlyForDeploymentPostprocessing = 0;
			shellPath = /bin/sh;
			shellScript = "diff \"${PODS_PODFILE_DIR_PATH}/Podfile.lock\" \"${PODS_ROOT}/Manifest.lock\" > /dev/null\nif [ $? != 0 ] ; then\n    # print error to STDERR\n    echo \"error: The sandbox is not in sync with the Podfile.lock. Run 'pod install' or update your CocoaPods installation.\" >&2\n    exit 1\nfi\n# This output is used by Xcode 'outputs' to avoid re-running this script phase.\necho \"SUCCESS\" > \"${SCRIPT_OUTPUT_FILE_0}\"\n";
			showEnvVarsInLog = 0;
		};
		DE8884F7BD2AC5265B162DD6 /* [CP] Embed Pods Frameworks */ = {
			isa = PBXShellScriptBuildPhase;
			buildActionMask = 2147483647;
			files = (
			);
			inputFileListPaths = (
				"${PODS_ROOT}/Target Support Files/Pods-TestAudioKit/Pods-TestAudioKit-frameworks-${CONFIGURATION}-input-files.xcfilelist",
			);
			name = "[CP] Embed Pods Frameworks";
			outputFileListPaths = (
				"${PODS_ROOT}/Target Support Files/Pods-TestAudioKit/Pods-TestAudioKit-frameworks-${CONFIGURATION}-output-files.xcfilelist",
			);
			runOnlyForDeploymentPostprocessing = 0;
			shellPath = /bin/sh;
			shellScript = "\"${PODS_ROOT}/Target Support Files/Pods-TestAudioKit/Pods-TestAudioKit-frameworks.sh\"\n";
			showEnvVarsInLog = 0;
		};
/* End PBXShellScriptBuildPhase section */

/* Begin PBXSourcesBuildPhase section */
		4986EAD125AEF3E800DE4B29 /* Sources */ = {
			isa = PBXSourcesBuildPhase;
			buildActionMask = 2147483647;
			files = (
				4986EADD25AEF3E800DE4B29 /* ViewController.swift in Sources */,
				4986EAD925AEF3E800DE4B29 /* AppDelegate.swift in Sources */,
				4986EADB25AEF3E800DE4B29 /* SceneDelegate.swift in Sources */,
			);
			runOnlyForDeploymentPostprocessing = 0;
		};
/* End PBXSourcesBuildPhase section */

/* Begin PBXVariantGroup section */
		4986EADE25AEF3E800DE4B29 /* Main.storyboard */ = {
			isa = PBXVariantGroup;
			children = (
				4986EADF25AEF3E800DE4B29 /* Base */,
			);
			name = Main.storyboard;
			sourceTree = "<group>";
		};
		4986EAE325AEF3EC00DE4B29 /* LaunchScreen.storyboard */ = {
			isa = PBXVariantGroup;
			children = (
				4986EAE425AEF3EC00DE4B29 /* Base */,
			);
			name = LaunchScreen.storyboard;
			sourceTree = "<group>";
		};
/* End PBXVariantGroup section */

/* Begin XCBuildConfiguration section */
		4986EAE725AEF3EC00DE4B29 /* Debug */ = {
			isa = XCBuildConfiguration;
			buildSettings = {
				ALWAYS_SEARCH_USER_PATHS = NO;
				BUILD_LIBRARY_FOR_DISTRIBUTION = YES;
				CLANG_ANALYZER_NONNULL = YES;
				CLANG_ANALYZER_NUMBER_OBJECT_CONVERSION = YES_AGGRESSIVE;
				CLANG_CXX_LANGUAGE_STANDARD = "gnu++14";
				CLANG_CXX_LIBRARY = "libc++";
				CLANG_ENABLE_MODULES = YES;
				CLANG_ENABLE_OBJC_ARC = YES;
				CLANG_ENABLE_OBJC_WEAK = YES;
				CLANG_WARN_BLOCK_CAPTURE_AUTORELEASING = YES;
				CLANG_WARN_BOOL_CONVERSION = YES;
				CLANG_WARN_COMMA = YES;
				CLANG_WARN_CONSTANT_CONVERSION = YES;
				CLANG_WARN_DEPRECATED_OBJC_IMPLEMENTATIONS = YES;
				CLANG_WARN_DIRECT_OBJC_ISA_USAGE = YES_ERROR;
				CLANG_WARN_DOCUMENTATION_COMMENTS = YES;
				CLANG_WARN_EMPTY_BODY = YES;
				CLANG_WARN_ENUM_CONVERSION = YES;
				CLANG_WARN_INFINITE_RECURSION = YES;
				CLANG_WARN_INT_CONVERSION = YES;
				CLANG_WARN_NON_LITERAL_NULL_CONVERSION = YES;
				CLANG_WARN_OBJC_IMPLICIT_RETAIN_SELF = YES;
				CLANG_WARN_OBJC_LITERAL_CONVERSION = YES;
				CLANG_WARN_OBJC_ROOT_CLASS = YES_ERROR;
				CLANG_WARN_RANGE_LOOP_ANALYSIS = YES;
				CLANG_WARN_STRICT_PROTOTYPES = YES;
				CLANG_WARN_SUSPICIOUS_MOVE = YES;
				CLANG_WARN_UNGUARDED_AVAILABILITY = YES_AGGRESSIVE;
				CLANG_WARN_UNREACHABLE_CODE = YES;
				CLANG_WARN__DUPLICATE_METHOD_MATCH = YES;
				COPY_PHASE_STRIP = NO;
				DEBUG_INFORMATION_FORMAT = dwarf;
				ENABLE_STRICT_OBJC_MSGSEND = YES;
				ENABLE_TESTABILITY = YES;
				GCC_C_LANGUAGE_STANDARD = gnu11;
				GCC_DYNAMIC_NO_PIC = NO;
				GCC_NO_COMMON_BLOCKS = YES;
				GCC_OPTIMIZATION_LEVEL = 0;
				GCC_PREPROCESSOR_DEFINITIONS = (
					"DEBUG=1",
					"$(inherited)",
				);
				GCC_WARN_64_TO_32_BIT_CONVERSION = YES;
				GCC_WARN_ABOUT_RETURN_TYPE = YES_ERROR;
				GCC_WARN_UNDECLARED_SELECTOR = YES;
				GCC_WARN_UNINITIALIZED_AUTOS = YES_AGGRESSIVE;
				GCC_WARN_UNUSED_FUNCTION = YES;
				GCC_WARN_UNUSED_VARIABLE = YES;
				IPHONEOS_DEPLOYMENT_TARGET = 12.0;
				MTL_ENABLE_DEBUG_INFO = INCLUDE_SOURCE;
				MTL_FAST_MATH = YES;
				ONLY_ACTIVE_ARCH = YES;
				SDKROOT = iphoneos;
				SWIFT_ACTIVE_COMPILATION_CONDITIONS = DEBUG;
				SWIFT_OPTIMIZATION_LEVEL = "-Onone";
				VALID_ARCHS = "arm64 arm64e armv7 armv7s";
			};
			name = Debug;
		};
		4986EAE825AEF3EC00DE4B29 /* Release */ = {
			isa = XCBuildConfiguration;
			buildSettings = {
				ALWAYS_SEARCH_USER_PATHS = NO;
				BUILD_LIBRARY_FOR_DISTRIBUTION = YES;
				CLANG_ANALYZER_NONNULL = YES;
				CLANG_ANALYZER_NUMBER_OBJECT_CONVERSION = YES_AGGRESSIVE;
				CLANG_CXX_LANGUAGE_STANDARD = "gnu++14";
				CLANG_CXX_LIBRARY = "libc++";
				CLANG_ENABLE_MODULES = YES;
				CLANG_ENABLE_OBJC_ARC = YES;
				CLANG_ENABLE_OBJC_WEAK = YES;
				CLANG_WARN_BLOCK_CAPTURE_AUTORELEASING = YES;
				CLANG_WARN_BOOL_CONVERSION = YES;
				CLANG_WARN_COMMA = YES;
				CLANG_WARN_CONSTANT_CONVERSION = YES;
				CLANG_WARN_DEPRECATED_OBJC_IMPLEMENTATIONS = YES;
				CLANG_WARN_DIRECT_OBJC_ISA_USAGE = YES_ERROR;
				CLANG_WARN_DOCUMENTATION_COMMENTS = YES;
				CLANG_WARN_EMPTY_BODY = YES;
				CLANG_WARN_ENUM_CONVERSION = YES;
				CLANG_WARN_INFINITE_RECURSION = YES;
				CLANG_WARN_INT_CONVERSION = YES;
				CLANG_WARN_NON_LITERAL_NULL_CONVERSION = YES;
				CLANG_WARN_OBJC_IMPLICIT_RETAIN_SELF = YES;
				CLANG_WARN_OBJC_LITERAL_CONVERSION = YES;
				CLANG_WARN_OBJC_ROOT_CLASS = YES_ERROR;
				CLANG_WARN_RANGE_LOOP_ANALYSIS = YES;
				CLANG_WARN_STRICT_PROTOTYPES = YES;
				CLANG_WARN_SUSPICIOUS_MOVE = YES;
				CLANG_WARN_UNGUARDED_AVAILABILITY = YES_AGGRESSIVE;
				CLANG_WARN_UNREACHABLE_CODE = YES;
				CLANG_WARN__DUPLICATE_METHOD_MATCH = YES;
				COPY_PHASE_STRIP = NO;
				DEBUG_INFORMATION_FORMAT = "dwarf-with-dsym";
				ENABLE_NS_ASSERTIONS = NO;
				ENABLE_STRICT_OBJC_MSGSEND = YES;
				GCC_C_LANGUAGE_STANDARD = gnu11;
				GCC_NO_COMMON_BLOCKS = YES;
				GCC_WARN_64_TO_32_BIT_CONVERSION = YES;
				GCC_WARN_ABOUT_RETURN_TYPE = YES_ERROR;
				GCC_WARN_UNDECLARED_SELECTOR = YES;
				GCC_WARN_UNINITIALIZED_AUTOS = YES_AGGRESSIVE;
				GCC_WARN_UNUSED_FUNCTION = YES;
				GCC_WARN_UNUSED_VARIABLE = YES;
				IPHONEOS_DEPLOYMENT_TARGET = 12.0;
				MTL_ENABLE_DEBUG_INFO = NO;
				MTL_FAST_MATH = YES;
				SDKROOT = iphoneos;
				SWIFT_COMPILATION_MODE = wholemodule;
				SWIFT_OPTIMIZATION_LEVEL = "-O";
				VALIDATE_PRODUCT = YES;
				VALID_ARCHS = "arm64 arm64e armv7 armv7s";
			};
			name = Release;
		};
		4986EAEA25AEF3EC00DE4B29 /* Debug */ = {
			isa = XCBuildConfiguration;
			baseConfigurationReference = A45A8082FC758BB09E37ACF9 /* Pods-TestAudioKit.debug.xcconfig */;
			buildSettings = {
				ASSETCATALOG_COMPILER_APPICON_NAME = AppIcon;
				CODE_SIGN_STYLE = Automatic;
				DEVELOPMENT_TEAM = 6556MVJ87G;
				INFOPLIST_FILE = TestAudioKit/Info.plist;
				IPHONEOS_DEPLOYMENT_TARGET = 12.0;
				LD_RUNPATH_SEARCH_PATHS = (
					"$(inherited)",
					"@executable_path/Frameworks",
				);
				PRODUCT_BUNDLE_IDENTIFIER = SparrowStudio.TestAudioKit;
				PRODUCT_NAME = "$(TARGET_NAME)";
				SWIFT_VERSION = 5.0;
				TARGETED_DEVICE_FAMILY = 1;
			};
			name = Debug;
		};
		4986EAEB25AEF3EC00DE4B29 /* Release */ = {
			isa = XCBuildConfiguration;
			baseConfigurationReference = 371DAA5FF77092766E75AD34 /* Pods-TestAudioKit.release.xcconfig */;
			buildSettings = {
				ASSETCATALOG_COMPILER_APPICON_NAME = AppIcon;
				CODE_SIGN_STYLE = Automatic;
				DEVELOPMENT_TEAM = 6556MVJ87G;
				INFOPLIST_FILE = TestAudioKit/Info.plist;
				IPHONEOS_DEPLOYMENT_TARGET = 12.0;
				LD_RUNPATH_SEARCH_PATHS = (
					"$(inherited)",
					"@executable_path/Frameworks",
				);
				PRODUCT_BUNDLE_IDENTIFIER = SparrowStudio.TestAudioKit;
				PRODUCT_NAME = "$(TARGET_NAME)";
				SWIFT_VERSION = 5.0;
				TARGETED_DEVICE_FAMILY = 1;
			};
			name = Release;
		};
/* End XCBuildConfiguration section */

/* Begin XCConfigurationList section */
		4986EAD025AEF3E800DE4B29 /* Build configuration list for PBXProject "TestAudioKit" */ = {
			isa = XCConfigurationList;
			buildConfigurations = (
				4986EAE725AEF3EC00DE4B29 /* Debug */,
				4986EAE825AEF3EC00DE4B29 /* Release */,
			);
			defaultConfigurationIsVisible = 0;
			defaultConfigurationName = Release;
		};
		4986EAE925AEF3EC00DE4B29 /* Build configuration list for PBXNativeTarget "TestAudioKit" */ = {
			isa = XCConfigurationList;
			buildConfigurations = (
				4986EAEA25AEF3EC00DE4B29 /* Debug */,
				4986EAEB25AEF3EC00DE4B29 /* Release */,
			);
			defaultConfigurationIsVisible = 0;
			defaultConfigurationName = Release;
		};
/* End XCConfigurationList section */
	};
	rootObject = 4986EACD25AEF3E800DE4B29 /* Project object */;
}
