// !$*UTF8*$!
{
	archiveVersion = 1;
	classes = {
	};
	objectVersion = 50;
	objects = {

/* Begin PBXBuildFile section */
		49A6BDDC2549733100DE5174 /* AppDelegate.swift in Sources */ = {isa = PBXBuildFile; fileRef = 49A6BDDB2549733100DE5174 /* AppDelegate.swift */; };
		49A6BDDE2549733100DE5174 /* SceneDelegate.swift in Sources */ = {isa = PBXBuildFile; fileRef = 49A6BDDD2549733100DE5174 /* SceneDelegate.swift */; };
		49A6BDE02549733100DE5174 /* ViewController.swift in Sources */ = {isa = PBXBuildFile; fileRef = 49A6BDDF2549733100DE5174 /* ViewController.swift */; };
		49A6BDE32549733100DE5174 /* Main.storyboard in Resources */ = {isa = PBXBuildFile; fileRef = 49A6BDE12549733100DE5174 /* Main.storyboard */; };
		49A6BDE52549733400DE5174 /* Assets.xcassets in Resources */ = {isa = PBXBuildFile; fileRef = 49A6BDE42549733400DE5174 /* Assets.xcassets */; };
		49A6BDE82549733400DE5174 /* LaunchScreen.storyboard in Resources */ = {isa = PBXBuildFile; fileRef = 49A6BDE62549733400DE5174 /* LaunchScreen.storyboard */; };
		49A6BDF32549733400DE5174 /* TestRetainCycleTests.swift in Sources */ = {isa = PBXBuildFile; fileRef = 49A6BDF22549733400DE5174 /* TestRetainCycleTests.swift */; };
		743448A75709EE42F86468EC /* Pods_TestRetainCycle.framework in Frameworks */ = {isa = PBXBuildFile; fileRef = 52340FEC95ED26A40BA40309 /* Pods_TestRetainCycle.framework */; };
		BBFBA03149B780A69450F0BD /* Pods_TestRetainCycleTests.framework in Frameworks */ = {isa = PBXBuildFile; fileRef = 3CFB293F564703E66F85E81E /* Pods_TestRetainCycleTests.framework */; };
/* End PBXBuildFile section */

/* Begin PBXContainerItemProxy section */
		49A6BDEF2549733400DE5174 /* PBXContainerItemProxy */ = {
			isa = PBXContainerItemProxy;
			containerPortal = 49A6BDD02549733100DE5174 /* Project object */;
			proxyType = 1;
			remoteGlobalIDString = 49A6BDD72549733100DE5174;
			remoteInfo = TestRetainCycle;
		};
/* End PBXContainerItemProxy section */

/* Begin PBXFileReference section */
		3CFB293F564703E66F85E81E /* Pods_TestRetainCycleTests.framework */ = {isa = PBXFileReference; explicitFileType = wrapper.framework; includeInIndex = 0; path = Pods_TestRetainCycleTests.framework; sourceTree = BUILT_PRODUCTS_DIR; };
		3F48A03F6A073E6D4B5C07EF /* Pods-TestRetainCycle.debug.xcconfig */ = {isa = PBXFileReference; includeInIndex = 1; lastKnownFileType = text.xcconfig; name = "Pods-TestRetainCycle.debug.xcconfig"; path = "Target Support Files/Pods-TestRetainCycle/Pods-TestRetainCycle.debug.xcconfig"; sourceTree = "<group>"; };
		49A6BDD82549733100DE5174 /* TestRetainCycle.app */ = {isa = PBXFileReference; explicitFileType = wrapper.application; includeInIndex = 0; path = TestRetainCycle.app; sourceTree = BUILT_PRODUCTS_DIR; };
		49A6BDDB2549733100DE5174 /* AppDelegate.swift */ = {isa = PBXFileReference; lastKnownFileType = sourcecode.swift; path = AppDelegate.swift; sourceTree = "<group>"; };
		49A6BDDD2549733100DE5174 /* SceneDelegate.swift */ = {isa = PBXFileReference; lastKnownFileType = sourcecode.swift; path = SceneDelegate.swift; sourceTree = "<group>"; };
		49A6BDDF2549733100DE5174 /* ViewController.swift */ = {isa = PBXFileReference; lastKnownFileType = sourcecode.swift; path = ViewController.swift; sourceTree = "<group>"; };
		49A6BDE22549733100DE5174 /* Base */ = {isa = PBXFileReference; lastKnownFileType = file.storyboard; name = Base; path = Base.lproj/Main.storyboard; sourceTree = "<group>"; };
		49A6BDE42549733400DE5174 /* Assets.xcassets */ = {isa = PBXFileReference; lastKnownFileType = folder.assetcatalog; path = Assets.xcassets; sourceTree = "<group>"; };
		49A6BDE72549733400DE5174 /* Base */ = {isa = PBXFileReference; lastKnownFileType = file.storyboard; name = Base; path = Base.lproj/LaunchScreen.storyboard; sourceTree = "<group>"; };
		49A6BDE92549733400DE5174 /* Info.plist */ = {isa = PBXFileReference; lastKnownFileType = text.plist.xml; path = Info.plist; sourceTree = "<group>"; };
		49A6BDEE2549733400DE5174 /* TestRetainCycleTests.xctest */ = {isa = PBXFileReference; explicitFileType = wrapper.cfbundle; includeInIndex = 0; path = TestRetainCycleTests.xctest; sourceTree = BUILT_PRODUCTS_DIR; };
		49A6BDF22549733400DE5174 /* TestRetainCycleTests.swift */ = {isa = PBXFileReference; lastKnownFileType = sourcecode.swift; path = TestRetainCycleTests.swift; sourceTree = "<group>"; };
		49A6BDF42549733400DE5174 /* Info.plist */ = {isa = PBXFileReference; lastKnownFileType = text.plist.xml; path = Info.plist; sourceTree = "<group>"; };
		52340FEC95ED26A40BA40309 /* Pods_TestRetainCycle.framework */ = {isa = PBXFileReference; explicitFileType = wrapper.framework; includeInIndex = 0; path = Pods_TestRetainCycle.framework; sourceTree = BUILT_PRODUCTS_DIR; };
		6C71736440BAF82FEC535D22 /* Pods-TestRetainCycle.release.xcconfig */ = {isa = PBXFileReference; includeInIndex = 1; lastKnownFileType = text.xcconfig; name = "Pods-TestRetainCycle.release.xcconfig"; path = "Target Support Files/Pods-TestRetainCycle/Pods-TestRetainCycle.release.xcconfig"; sourceTree = "<group>"; };
		8712506D6BB26A36444FAAF7 /* Pods-TestRetainCycleTests.debug.xcconfig */ = {isa = PBXFileReference; includeInIndex = 1; lastKnownFileType = text.xcconfig; name = "Pods-TestRetainCycleTests.debug.xcconfig"; path = "Target Support Files/Pods-TestRetainCycleTests/Pods-TestRetainCycleTests.debug.xcconfig"; sourceTree = "<group>"; };
		C02D77E185803E487E0A2394 /* Pods-TestRetainCycleTests.release.xcconfig */ = {isa = PBXFileReference; includeInIndex = 1; lastKnownFileType = text.xcconfig; name = "Pods-TestRetainCycleTests.release.xcconfig"; path = "Target Support Files/Pods-TestRetainCycleTests/Pods-TestRetainCycleTests.release.xcconfig"; sourceTree = "<group>"; };
/* End PBXFileReference section */

/* Begin PBXFrameworksBuildPhase section */
		49A6BDD52549733100DE5174 /* Frameworks */ = {
			isa = PBXFrameworksBuildPhase;
			buildActionMask = 2147483647;
			files = (
				743448A75709EE42F86468EC /* Pods_TestRetainCycle.framework in Frameworks */,
			);
			runOnlyForDeploymentPostprocessing = 0;
		};
		49A6BDEB2549733400DE5174 /* Frameworks */ = {
			isa = PBXFrameworksBuildPhase;
			buildActionMask = 2147483647;
			files = (
				BBFBA03149B780A69450F0BD /* Pods_TestRetainCycleTests.framework in Frameworks */,
			);
			runOnlyForDeploymentPostprocessing = 0;
		};
/* End PBXFrameworksBuildPhase section */

/* Begin PBXGroup section */
		059FD3E914BB40553CE6AF22 /* Pods */ = {
			isa = PBXGroup;
			children = (
				3F48A03F6A073E6D4B5C07EF /* Pods-TestRetainCycle.debug.xcconfig */,
				6C71736440BAF82FEC535D22 /* Pods-TestRetainCycle.release.xcconfig */,
				8712506D6BB26A36444FAAF7 /* Pods-TestRetainCycleTests.debug.xcconfig */,
				C02D77E185803E487E0A2394 /* Pods-TestRetainCycleTests.release.xcconfig */,
			);
			name = Pods;
			path = Pods;
			sourceTree = "<group>";
		};
		49A6BDCF2549733100DE5174 = {
			isa = PBXGroup;
			children = (
				49A6BDDA2549733100DE5174 /* TestRetainCycle */,
				49A6BDF12549733400DE5174 /* TestRetainCycleTests */,
				49A6BDD92549733100DE5174 /* Products */,
				059FD3E914BB40553CE6AF22 /* Pods */,
				DB4ECF5BDAFDB0D514B2C21D /* Frameworks */,
			);
			sourceTree = "<group>";
		};
		49A6BDD92549733100DE5174 /* Products */ = {
			isa = PBXGroup;
			children = (
				49A6BDD82549733100DE5174 /* TestRetainCycle.app */,
				49A6BDEE2549733400DE5174 /* TestRetainCycleTests.xctest */,
			);
			name = Products;
			sourceTree = "<group>";
		};
		49A6BDDA2549733100DE5174 /* TestRetainCycle */ = {
			isa = PBXGroup;
			children = (
				49A6BDDB2549733100DE5174 /* AppDelegate.swift */,
				49A6BDDD2549733100DE5174 /* SceneDelegate.swift */,
				49A6BDDF2549733100DE5174 /* ViewController.swift */,
				49A6BDE12549733100DE5174 /* Main.storyboard */,
				49A6BDE42549733400DE5174 /* Assets.xcassets */,
				49A6BDE62549733400DE5174 /* LaunchScreen.storyboard */,
				49A6BDE92549733400DE5174 /* Info.plist */,
			);
			path = TestRetainCycle;
			sourceTree = "<group>";
		};
		49A6BDF12549733400DE5174 /* TestRetainCycleTests */ = {
			isa = PBXGroup;
			children = (
				49A6BDF22549733400DE5174 /* TestRetainCycleTests.swift */,
				49A6BDF42549733400DE5174 /* Info.plist */,
			);
			path = TestRetainCycleTests;
			sourceTree = "<group>";
		};
		DB4ECF5BDAFDB0D514B2C21D /* Frameworks */ = {
			isa = PBXGroup;
			children = (
				52340FEC95ED26A40BA40309 /* Pods_TestRetainCycle.framework */,
				3CFB293F564703E66F85E81E /* Pods_TestRetainCycleTests.framework */,
			);
			name = Frameworks;
			sourceTree = "<group>";
		};
/* End PBXGroup section */

/* Begin PBXNativeTarget section */
		49A6BDD72549733100DE5174 /* TestRetainCycle */ = {
			isa = PBXNativeTarget;
			buildConfigurationList = 49A6BDF72549733400DE5174 /* Build configuration list for PBXNativeTarget "TestRetainCycle" */;
			buildPhases = (
				8ADC05F24B6922D1578E78BB /* [CP] Check Pods Manifest.lock */,
				49A6BDD42549733100DE5174 /* Sources */,
				49A6BDD52549733100DE5174 /* Frameworks */,
				49A6BDD62549733100DE5174 /* Resources */,
				2118C72FEE0DF039BBE067BC /* [CP] Embed Pods Frameworks */,
			);
			buildRules = (
			);
			dependencies = (
			);
			name = TestRetainCycle;
			productName = TestRetainCycle;
			productReference = 49A6BDD82549733100DE5174 /* TestRetainCycle.app */;
			productType = "com.apple.product-type.application";
		};
		49A6BDED2549733400DE5174 /* TestRetainCycleTests */ = {
			isa = PBXNativeTarget;
			buildConfigurationList = 49A6BDFA2549733400DE5174 /* Build configuration list for PBXNativeTarget "TestRetainCycleTests" */;
			buildPhases = (
				5118218D85F5C6A5B8938B8C /* [CP] Check Pods Manifest.lock */,
				49A6BDEA2549733400DE5174 /* Sources */,
				49A6BDEB2549733400DE5174 /* Frameworks */,
				49A6BDEC2549733400DE5174 /* Resources */,
			);
			buildRules = (
			);
			dependencies = (
				49A6BDF02549733400DE5174 /* PBXTargetDependency */,
			);
			name = TestRetainCycleTests;
			productName = TestRetainCycleTests;
			productReference = 49A6BDEE2549733400DE5174 /* TestRetainCycleTests.xctest */;
			productType = "com.apple.product-type.bundle.unit-test";
		};
/* End PBXNativeTarget section */

/* Begin PBXProject section */
		49A6BDD02549733100DE5174 /* Project object */ = {
			isa = PBXProject;
			attributes = {
				LastSwiftUpdateCheck = 1150;
				LastUpgradeCheck = 1150;
				ORGANIZATIONNAME = SparrowStudio;
				TargetAttributes = {
					49A6BDD72549733100DE5174 = {
						CreatedOnToolsVersion = 11.5;
					};
					49A6BDED2549733400DE5174 = {
						CreatedOnToolsVersion = 11.5;
						TestTargetID = 49A6BDD72549733100DE5174;
					};
				};
			};
			buildConfigurationList = 49A6BDD32549733100DE5174 /* Build configuration list for PBXProject "TestRetainCycle" */;
			compatibilityVersion = "Xcode 9.3";
			developmentRegion = en;
			hasScannedForEncodings = 0;
			knownRegions = (
				en,
				Base,
			);
			mainGroup = 49A6BDCF2549733100DE5174;
			productRefGroup = 49A6BDD92549733100DE5174 /* Products */;
			projectDirPath = "";
			projectRoot = "";
			targets = (
				49A6BDD72549733100DE5174 /* TestRetainCycle */,
				49A6BDED2549733400DE5174 /* TestRetainCycleTests */,
			);
		};
/* End PBXProject section */

/* Begin PBXResourcesBuildPhase section */
		49A6BDD62549733100DE5174 /* Resources */ = {
			isa = PBXResourcesBuildPhase;
			buildActionMask = 2147483647;
			files = (
				49A6BDE82549733400DE5174 /* LaunchScreen.storyboard in Resources */,
				49A6BDE52549733400DE5174 /* Assets.xcassets in Resources */,
				49A6BDE32549733100DE5174 /* Main.storyboard in Resources */,
			);
			runOnlyForDeploymentPostprocessing = 0;
		};
		49A6BDEC2549733400DE5174 /* Resources */ = {
			isa = PBXResourcesBuildPhase;
			buildActionMask = 2147483647;
			files = (
			);
			runOnlyForDeploymentPostprocessing = 0;
		};
/* End PBXResourcesBuildPhase section */

/* Begin PBXShellScriptBuildPhase section */
		2118C72FEE0DF039BBE067BC /* [CP] Embed Pods Frameworks */ = {
			isa = PBXShellScriptBuildPhase;
			buildActionMask = 2147483647;
			files = (
			);
			inputFileListPaths = (
				"${PODS_ROOT}/Target Support Files/Pods-TestRetainCycle/Pods-TestRetainCycle-frameworks-${CONFIGURATION}-input-files.xcfilelist",
			);
			name = "[CP] Embed Pods Frameworks";
			outputFileListPaths = (
				"${PODS_ROOT}/Target Support Files/Pods-TestRetainCycle/Pods-TestRetainCycle-frameworks-${CONFIGURATION}-output-files.xcfilelist",
			);
			runOnlyForDeploymentPostprocessing = 0;
			shellPath = /bin/sh;
			shellScript = "\"${PODS_ROOT}/Target Support Files/Pods-TestRetainCycle/Pods-TestRetainCycle-frameworks.sh\"\n";
			showEnvVarsInLog = 0;
		};
		5118218D85F5C6A5B8938B8C /* [CP] Check Pods Manifest.lock */ = {
			isa = PBXShellScriptBuildPhase;
			buildActionMask = 2147483647;
			files = (
			);
			inputFileListPaths = (
			);
			inputPaths = (
				"${PODS_PODFILE_DIR_PATH}/Podfile.lock",
				"${PODS_ROOT}/Manifest.lock",
			);
			name = "[CP] Check Pods Manifest.lock";
			outputFileListPaths = (
			);
			outputPaths = (
				"$(DERIVED_FILE_DIR)/Pods-TestRetainCycleTests-checkManifestLockResult.txt",
			);
			runOnlyForDeploymentPostprocessing = 0;
			shellPath = /bin/sh;
			shellScript = "diff \"${PODS_PODFILE_DIR_PATH}/Podfile.lock\" \"${PODS_ROOT}/Manifest.lock\" > /dev/null\nif [ $? != 0 ] ; then\n    # print error to STDERR\n    echo \"error: The sandbox is not in sync with the Podfile.lock. Run 'pod install' or update your CocoaPods installation.\" >&2\n    exit 1\nfi\n# This output is used by Xcode 'outputs' to avoid re-running this script phase.\necho \"SUCCESS\" > \"${SCRIPT_OUTPUT_FILE_0}\"\n";
			showEnvVarsInLog = 0;
		};
		8ADC05F24B6922D1578E78BB /* [CP] Check Pods Manifest.lock */ = {
			isa = PBXShellScriptBuildPhase;
			buildActionMask = 2147483647;
			files = (
			);
			inputFileListPaths = (
			);
			inputPaths = (
				"${PODS_PODFILE_DIR_PATH}/Podfile.lock",
				"${PODS_ROOT}/Manifest.lock",
			);
			name = "[CP] Check Pods Manifest.lock";
			outputFileListPaths = (
			);
			outputPaths = (
				"$(DERIVED_FILE_DIR)/Pods-TestRetainCycle-checkManifestLockResult.txt",
			);
			runOnlyForDeploymentPostprocessing = 0;
			shellPath = /bin/sh;
			shellScript = "diff \"${PODS_PODFILE_DIR_PATH}/Podfile.lock\" \"${PODS_ROOT}/Manifest.lock\" > /dev/null\nif [ $? != 0 ] ; then\n    # print error to STDERR\n    echo \"error: The sandbox is not in sync with the Podfile.lock. Run 'pod install' or update your CocoaPods installation.\" >&2\n    exit 1\nfi\n# This output is used by Xcode 'outputs' to avoid re-running this script phase.\necho \"SUCCESS\" > \"${SCRIPT_OUTPUT_FILE_0}\"\n";
			showEnvVarsInLog = 0;
		};
/* End PBXShellScriptBuildPhase section */

/* Begin PBXSourcesBuildPhase section */
		49A6BDD42549733100DE5174 /* Sources */ = {
			isa = PBXSourcesBuildPhase;
			buildActionMask = 2147483647;
			files = (
				49A6BDE02549733100DE5174 /* ViewController.swift in Sources */,
				49A6BDDC2549733100DE5174 /* AppDelegate.swift in Sources */,
				49A6BDDE2549733100DE5174 /* SceneDelegate.swift in Sources */,
			);
			runOnlyForDeploymentPostprocessing = 0;
		};
		49A6BDEA2549733400DE5174 /* Sources */ = {
			isa = PBXSourcesBuildPhase;
			buildActionMask = 2147483647;
			files = (
				49A6BDF32549733400DE5174 /* TestRetainCycleTests.swift in Sources */,
			);
			runOnlyForDeploymentPostprocessing = 0;
		};
/* End PBXSourcesBuildPhase section */

/* Begin PBXTargetDependency section */
		49A6BDF02549733400DE5174 /* PBXTargetDependency */ = {
			isa = PBXTargetDependency;
			target = 49A6BDD72549733100DE5174 /* TestRetainCycle */;
			targetProxy = 49A6BDEF2549733400DE5174 /* PBXContainerItemProxy */;
		};
/* End PBXTargetDependency section */

/* Begin PBXVariantGroup section */
		49A6BDE12549733100DE5174 /* Main.storyboard */ = {
			isa = PBXVariantGroup;
			children = (
				49A6BDE22549733100DE5174 /* Base */,
			);
			name = Main.storyboard;
			sourceTree = "<group>";
		};
		49A6BDE62549733400DE5174 /* LaunchScreen.storyboard */ = {
			isa = PBXVariantGroup;
			children = (
				49A6BDE72549733400DE5174 /* Base */,
			);
			name = LaunchScreen.storyboard;
			sourceTree = "<group>";
		};
/* End PBXVariantGroup section */

/* Begin XCBuildConfiguration section */
		49A6BDF52549733400DE5174 /* Debug */ = {
			isa = XCBuildConfiguration;
			buildSettings = {
				ALWAYS_SEARCH_USER_PATHS = NO;
				CLANG_ANALYZER_NONNULL = YES;
				CLANG_ANALYZER_NUMBER_OBJECT_CONVERSION = YES_AGGRESSIVE;
				CLANG_CXX_LANGUAGE_STANDARD = "gnu++14";
				CLANG_CXX_LIBRARY = "libc++";
				CLANG_ENABLE_MODULES = YES;
				CLANG_ENABLE_OBJC_ARC = YES;
				CLANG_ENABLE_OBJC_WEAK = YES;
				CLANG_WARN_BLOCK_CAPTURE_AUTORELEASING = YES;
				CLANG_WARN_BOOL_CONVERSION = YES;
				CLANG_WARN_COMMA = YES;
				CLANG_WARN_CONSTANT_CONVERSION = YES;
				CLANG_WARN_DEPRECATED_OBJC_IMPLEMENTATIONS = YES;
				CLANG_WARN_DIRECT_OBJC_ISA_USAGE = YES_ERROR;
				CLANG_WARN_DOCUMENTATION_COMMENTS = YES;
				CLANG_WARN_EMPTY_BODY = YES;
				CLANG_WARN_ENUM_CONVERSION = YES;
				CLANG_WARN_INFINITE_RECURSION = YES;
				CLANG_WARN_INT_CONVERSION = YES;
				CLANG_WARN_NON_LITERAL_NULL_CONVERSION = YES;
				CLANG_WARN_OBJC_IMPLICIT_RETAIN_SELF = YES;
				CLANG_WARN_OBJC_LITERAL_CONVERSION = YES;
				CLANG_WARN_OBJC_ROOT_CLASS = YES_ERROR;
				CLANG_WARN_RANGE_LOOP_ANALYSIS = YES;
				CLANG_WARN_STRICT_PROTOTYPES = YES;
				CLANG_WARN_SUSPICIOUS_MOVE = YES;
				CLANG_WARN_UNGUARDED_AVAILABILITY = YES_AGGRESSIVE;
				CLANG_WARN_UNREACHABLE_CODE = YES;
				CLANG_WARN__DUPLICATE_METHOD_MATCH = YES;
				COPY_PHASE_STRIP = NO;
				DEBUG_INFORMATION_FORMAT = dwarf;
				ENABLE_STRICT_OBJC_MSGSEND = YES;
				ENABLE_TESTABILITY = YES;
				GCC_C_LANGUAGE_STANDARD = gnu11;
				GCC_DYNAMIC_NO_PIC = NO;
				GCC_NO_COMMON_BLOCKS = YES;
				GCC_OPTIMIZATION_LEVEL = 0;
				GCC_PREPROCESSOR_DEFINITIONS = (
					"DEBUG=1",
					"$(inherited)",
				);
				GCC_WARN_64_TO_32_BIT_CONVERSION = YES;
				GCC_WARN_ABOUT_RETURN_TYPE = YES_ERROR;
				GCC_WARN_UNDECLARED_SELECTOR = YES;
				GCC_WARN_UNINITIALIZED_AUTOS = YES_AGGRESSIVE;
				GCC_WARN_UNUSED_FUNCTION = YES;
				GCC_WARN_UNUSED_VARIABLE = YES;
				IPHONEOS_DEPLOYMENT_TARGET = 13.5;
				MTL_ENABLE_DEBUG_INFO = INCLUDE_SOURCE;
				MTL_FAST_MATH = YES;
				ONLY_ACTIVE_ARCH = YES;
				SDKROOT = iphoneos;
				SWIFT_ACTIVE_COMPILATION_CONDITIONS = DEBUG;
				SWIFT_OPTIMIZATION_LEVEL = "-Onone";
			};
			name = Debug;
		};
		49A6BDF62549733400DE5174 /* Release */ = {
			isa = XCBuildConfiguration;
			buildSettings = {
				ALWAYS_SEARCH_USER_PATHS = NO;
				CLANG_ANALYZER_NONNULL = YES;
				CLANG_ANALYZER_NUMBER_OBJECT_CONVERSION = YES_AGGRESSIVE;
				CLANG_CXX_LANGUAGE_STANDARD = "gnu++14";
				CLANG_CXX_LIBRARY = "libc++";
				CLANG_ENABLE_MODULES = YES;
				CLANG_ENABLE_OBJC_ARC = YES;
				CLANG_ENABLE_OBJC_WEAK = YES;
				CLANG_WARN_BLOCK_CAPTURE_AUTORELEASING = YES;
				CLANG_WARN_BOOL_CONVERSION = YES;
				CLANG_WARN_COMMA = YES;
				CLANG_WARN_CONSTANT_CONVERSION = YES;
				CLANG_WARN_DEPRECATED_OBJC_IMPLEMENTATIONS = YES;
				CLANG_WARN_DIRECT_OBJC_ISA_USAGE = YES_ERROR;
				CLANG_WARN_DOCUMENTATION_COMMENTS = YES;
				CLANG_WARN_EMPTY_BODY = YES;
				CLANG_WARN_ENUM_CONVERSION = YES;
				CLANG_WARN_INFINITE_RECURSION = YES;
				CLANG_WARN_INT_CONVERSION = YES;
				CLANG_WARN_NON_LITERAL_NULL_CONVERSION = YES;
				CLANG_WARN_OBJC_IMPLICIT_RETAIN_SELF = YES;
				CLANG_WARN_OBJC_LITERAL_CONVERSION = YES;
				CLANG_WARN_OBJC_ROOT_CLASS = YES_ERROR;
				CLANG_WARN_RANGE_LOOP_ANALYSIS = YES;
				CLANG_WARN_STRICT_PROTOTYPES = YES;
				CLANG_WARN_SUSPICIOUS_MOVE = YES;
				CLANG_WARN_UNGUARDED_AVAILABILITY = YES_AGGRESSIVE;
				CLANG_WARN_UNREACHABLE_CODE = YES;
				CLANG_WARN__DUPLICATE_METHOD_MATCH = YES;
				COPY_PHASE_STRIP = NO;
				DEBUG_INFORMATION_FORMAT = "dwarf-with-dsym";
				ENABLE_NS_ASSERTIONS = NO;
				ENABLE_STRICT_OBJC_MSGSEND = YES;
				GCC_C_LANGUAGE_STANDARD = gnu11;
				GCC_NO_COMMON_BLOCKS = YES;
				GCC_WARN_64_TO_32_BIT_CONVERSION = YES;
				GCC_WARN_ABOUT_RETURN_TYPE = YES_ERROR;
				GCC_WARN_UNDECLARED_SELECTOR = YES;
				GCC_WARN_UNINITIALIZED_AUTOS = YES_AGGRESSIVE;
				GCC_WARN_UNUSED_FUNCTION = YES;
				GCC_WARN_UNUSED_VARIABLE = YES;
				IPHONEOS_DEPLOYMENT_TARGET = 13.5;
				MTL_ENABLE_DEBUG_INFO = NO;
				MTL_FAST_MATH = YES;
				SDKROOT = iphoneos;
				SWIFT_COMPILATION_MODE = wholemodule;
				SWIFT_OPTIMIZATION_LEVEL = "-O";
				VALIDATE_PRODUCT = YES;
			};
			name = Release;
		};
		49A6BDF82549733400DE5174 /* Debug */ = {
			isa = XCBuildConfiguration;
			baseConfigurationReference = 3F48A03F6A073E6D4B5C07EF /* Pods-TestRetainCycle.debug.xcconfig */;
			buildSettings = {
				ASSETCATALOG_COMPILER_APPICON_NAME = AppIcon;
				CODE_SIGN_STYLE = Automatic;
				DEVELOPMENT_TEAM = 6556MVJ87G;
				INFOPLIST_FILE = TestRetainCycle/Info.plist;
				LD_RUNPATH_SEARCH_PATHS = (
					"$(inherited)",
					"@executable_path/Frameworks",
				);
				PRODUCT_BUNDLE_IDENTIFIER = SparrowStudio.TestRetainCycle;
				PRODUCT_NAME = "$(TARGET_NAME)";
				SWIFT_VERSION = 5.0;
				TARGETED_DEVICE_FAMILY = "1,2";
			};
			name = Debug;
		};
		49A6BDF92549733400DE5174 /* Release */ = {
			isa = XCBuildConfiguration;
			baseConfigurationReference = 6C71736440BAF82FEC535D22 /* Pods-TestRetainCycle.release.xcconfig */;
			buildSettings = {
				ASSETCATALOG_COMPILER_APPICON_NAME = AppIcon;
				CODE_SIGN_STYLE = Automatic;
				DEVELOPMENT_TEAM = 6556MVJ87G;
				INFOPLIST_FILE = TestRetainCycle/Info.plist;
				LD_RUNPATH_SEARCH_PATHS = (
					"$(inherited)",
					"@executable_path/Frameworks",
				);
				PRODUCT_BUNDLE_IDENTIFIER = SparrowStudio.TestRetainCycle;
				PRODUCT_NAME = "$(TARGET_NAME)";
				SWIFT_VERSION = 5.0;
				TARGETED_DEVICE_FAMILY = "1,2";
			};
			name = Release;
		};
		49A6BDFB2549733400DE5174 /* Debug */ = {
			isa = XCBuildConfiguration;
			baseConfigurationReference = 8712506D6BB26A36444FAAF7 /* Pods-TestRetainCycleTests.debug.xcconfig */;
			buildSettings = {
				ALWAYS_EMBED_SWIFT_STANDARD_LIBRARIES = YES;
				BUNDLE_LOADER = "$(TEST_HOST)";
				CODE_SIGN_STYLE = Automatic;
				DEVELOPMENT_TEAM = 6556MVJ87G;
				INFOPLIST_FILE = TestRetainCycleTests/Info.plist;
				IPHONEOS_DEPLOYMENT_TARGET = 13.5;
				LD_RUNPATH_SEARCH_PATHS = (
					"$(inherited)",
					"@executable_path/Frameworks",
					"@loader_path/Frameworks",
				);
				PRODUCT_BUNDLE_IDENTIFIER = SparrowStudio.TestRetainCycleTests;
				PRODUCT_NAME = "$(TARGET_NAME)";
				SWIFT_VERSION = 5.0;
				TARGETED_DEVICE_FAMILY = "1,2";
				TEST_HOST = "$(BUILT_PRODUCTS_DIR)/TestRetainCycle.app/TestRetainCycle";
			};
			name = Debug;
		};
		49A6BDFC2549733400DE5174 /* Release */ = {
			isa = XCBuildConfiguration;
			baseConfigurationReference = C02D77E185803E487E0A2394 /* Pods-TestRetainCycleTests.release.xcconfig */;
			buildSettings = {
				ALWAYS_EMBED_SWIFT_STANDARD_LIBRARIES = YES;
				BUNDLE_LOADER = "$(TEST_HOST)";
				CODE_SIGN_STYLE = Automatic;
				DEVELOPMENT_TEAM = 6556MVJ87G;
				INFOPLIST_FILE = TestRetainCycleTests/Info.plist;
				IPHONEOS_DEPLOYMENT_TARGET = 13.5;
				LD_RUNPATH_SEARCH_PATHS = (
					"$(inherited)",
					"@executable_path/Frameworks",
					"@loader_path/Frameworks",
				);
				PRODUCT_BUNDLE_IDENTIFIER = SparrowStudio.TestRetainCycleTests;
				PRODUCT_NAME = "$(TARGET_NAME)";
				SWIFT_VERSION = 5.0;
				TARGETED_DEVICE_FAMILY = "1,2";
				TEST_HOST = "$(BUILT_PRODUCTS_DIR)/TestRetainCycle.app/TestRetainCycle";
			};
			name = Release;
		};
/* End XCBuildConfiguration section */

/* Begin XCConfigurationList section */
		49A6BDD32549733100DE5174 /* Build configuration list for PBXProject "TestRetainCycle" */ = {
			isa = XCConfigurationList;
			buildConfigurations = (
				49A6BDF52549733400DE5174 /* Debug */,
				49A6BDF62549733400DE5174 /* Release */,
			);
			defaultConfigurationIsVisible = 0;
			defaultConfigurationName = Release;
		};
		49A6BDF72549733400DE5174 /* Build configuration list for PBXNativeTarget "TestRetainCycle" */ = {
			isa = XCConfigurationList;
			buildConfigurations = (
				49A6BDF82549733400DE5174 /* Debug */,
				49A6BDF92549733400DE5174 /* Release */,
			);
			defaultConfigurationIsVisible = 0;
			defaultConfigurationName = Release;
		};
		49A6BDFA2549733400DE5174 /* Build configuration list for PBXNativeTarget "TestRetainCycleTests" */ = {
			isa = XCConfigurationList;
			buildConfigurations = (
				49A6BDFB2549733400DE5174 /* Debug */,
				49A6BDFC2549733400DE5174 /* Release */,
			);
			defaultConfigurationIsVisible = 0;
			defaultConfigurationName = Release;
		};
/* End XCConfigurationList section */
	};
	rootObject = 49A6BDD02549733100DE5174 /* Project object */;
}
